// !$*UTF8*$!
{
	archiveVersion = 1;
	classes = {
	};
	objectVersion = 56;
	objects = {

/* Begin PBXBuildFile section */
		FBF4C53C2AA8D40000B3757D /* CaritasMtyRepartidorApp.swift in Sources */ = {isa = PBXBuildFile; fileRef = FBF4C53B2AA8D40000B3757D /* CaritasMtyRepartidorApp.swift */; };
		FBF4C5402AA8D40100B3757D /* Assets.xcassets in Resources */ = {isa = PBXBuildFile; fileRef = FBF4C53F2AA8D40100B3757D /* Assets.xcassets */; };
		FBF4C5432AA8D40100B3757D /* Preview Assets.xcassets in Resources */ = {isa = PBXBuildFile; fileRef = FBF4C5422AA8D40100B3757D /* Preview Assets.xcassets */; };
		FBF4C54A2AA8D41D00B3757D /* Login.swift in Sources */ = {isa = PBXBuildFile; fileRef = FBF4C5492AA8D41D00B3757D /* Login.swift */; };
		FBF4C54C2AA8D44900B3757D /* Data.swift in Sources */ = {isa = PBXBuildFile; fileRef = FBF4C54B2AA8D44900B3757D /* Data.swift */; };
		FBF4C54E2AA8D45D00B3757D /* User.swift in Sources */ = {isa = PBXBuildFile; fileRef = FBF4C54D2AA8D45D00B3757D /* User.swift */; };
		FBF4C5502AA8D46F00B3757D /* BotonUni.swift in Sources */ = {isa = PBXBuildFile; fileRef = FBF4C54F2AA8D46F00B3757D /* BotonUni.swift */; };
		FBFD244E2AA8DF6300C81625 /* DetailedView.swift in Sources */ = {isa = PBXBuildFile; fileRef = FBFD244D2AA8DF6300C81625 /* DetailedView.swift */; };
		FBFD24502AA8E50100C81625 /* ContentView.swift in Sources */ = {isa = PBXBuildFile; fileRef = FBFD244F2AA8E50100C81625 /* ContentView.swift */; };
/* End PBXBuildFile section */

/* Begin PBXFileReference section */
		FBF4C5382AA8D40000B3757D /* CaritasMtyRepartidor.app */ = {isa = PBXFileReference; explicitFileType = wrapper.application; includeInIndex = 0; path = CaritasMtyRepartidor.app; sourceTree = BUILT_PRODUCTS_DIR; };
		FBF4C53B2AA8D40000B3757D /* CaritasMtyRepartidorApp.swift */ = {isa = PBXFileReference; lastKnownFileType = sourcecode.swift; path = CaritasMtyRepartidorApp.swift; sourceTree = "<group>"; };
		FBF4C53F2AA8D40100B3757D /* Assets.xcassets */ = {isa = PBXFileReference; lastKnownFileType = folder.assetcatalog; path = Assets.xcassets; sourceTree = "<group>"; };
		FBF4C5422AA8D40100B3757D /* Preview Assets.xcassets */ = {isa = PBXFileReference; lastKnownFileType = folder.assetcatalog; path = "Preview Assets.xcassets"; sourceTree = "<group>"; };
		FBF4C5492AA8D41D00B3757D /* Login.swift */ = {isa = PBXFileReference; lastKnownFileType = sourcecode.swift; path = Login.swift; sourceTree = "<group>"; };
		FBF4C54B2AA8D44900B3757D /* Data.swift */ = {isa = PBXFileReference; lastKnownFileType = sourcecode.swift; path = Data.swift; sourceTree = "<group>"; };
		FBF4C54D2AA8D45D00B3757D /* User.swift */ = {isa = PBXFileReference; lastKnownFileType = sourcecode.swift; path = User.swift; sourceTree = "<group>"; };
		FBF4C54F2AA8D46F00B3757D /* BotonUni.swift */ = {isa = PBXFileReference; lastKnownFileType = sourcecode.swift; path = BotonUni.swift; sourceTree = "<group>"; };
		FBFD244D2AA8DF6300C81625 /* DetailedView.swift */ = {isa = PBXFileReference; lastKnownFileType = sourcecode.swift; path = DetailedView.swift; sourceTree = "<group>"; };
		FBFD244F2AA8E50100C81625 /* ContentView.swift */ = {isa = PBXFileReference; lastKnownFileType = sourcecode.swift; path = ContentView.swift; sourceTree = "<group>"; };
/* End PBXFileReference section */

/* Begin PBXFrameworksBuildPhase section */
		FBF4C5352AA8D40000B3757D /* Frameworks */ = {
			isa = PBXFrameworksBuildPhase;
			buildActionMask = 2147483647;
			files = (
			);
			runOnlyForDeploymentPostprocessing = 0;
		};
/* End PBXFrameworksBuildPhase section */

/* Begin PBXGroup section */
		FBF4C52F2AA8D40000B3757D = {
			isa = PBXGroup;
			children = (
				FBF4C53A2AA8D40000B3757D /* CaritasMtyRepartidor */,
				FBF4C5392AA8D40000B3757D /* Products */,
			);
			sourceTree = "<group>";
		};
		FBF4C5392AA8D40000B3757D /* Products */ = {
			isa = PBXGroup;
			children = (
				FBF4C5382AA8D40000B3757D /* CaritasMtyRepartidor.app */,
			);
			name = Products;
			sourceTree = "<group>";
		};
		FBF4C53A2AA8D40000B3757D /* CaritasMtyRepartidor */ = {
			isa = PBXGroup;
			children = (
				FBF4C53B2AA8D40000B3757D /* CaritasMtyRepartidorApp.swift */,
				FBFD244F2AA8E50100C81625 /* ContentView.swift */,
				FBF4C5492AA8D41D00B3757D /* Login.swift */,
				FBF4C54B2AA8D44900B3757D /* Data.swift */,
				FBF4C54D2AA8D45D00B3757D /* User.swift */,
				FBF4C54F2AA8D46F00B3757D /* BotonUni.swift */,
				FBFD244D2AA8DF6300C81625 /* DetailedView.swift */,
				FBF4C53F2AA8D40100B3757D /* Assets.xcassets */,
				FBF4C5412AA8D40100B3757D /* Preview Content */,
			);
			path = CaritasMtyRepartidor;
			sourceTree = "<group>";
		};
		FBF4C5412AA8D40100B3757D /* Preview Content */ = {
			isa = PBXGroup;
			children = (
				FBF4C5422AA8D40100B3757D /* Preview Assets.xcassets */,
			);
			path = "Preview Content";
			sourceTree = "<group>";
		};
/* End PBXGroup section */

/* Begin PBXNativeTarget section */
		FBF4C5372AA8D40000B3757D /* CaritasMtyRepartidor */ = {
			isa = PBXNativeTarget;
			buildConfigurationList = FBF4C5462AA8D40100B3757D /* Build configuration list for PBXNativeTarget "CaritasMtyRepartidor" */;
			buildPhases = (
				FBF4C5342AA8D40000B3757D /* Sources */,
				FBF4C5352AA8D40000B3757D /* Frameworks */,
				FBF4C5362AA8D40000B3757D /* Resources */,
			);
			buildRules = (
			);
			dependencies = (
			);
			name = CaritasMtyRepartidor;
			productName = CaritasMtyRepartidor;
			productReference = FBF4C5382AA8D40000B3757D /* CaritasMtyRepartidor.app */;
			productType = "com.apple.product-type.application";
		};
/* End PBXNativeTarget section */

/* Begin PBXProject section */
		FBF4C5302AA8D40000B3757D /* Project object */ = {
			isa = PBXProject;
			attributes = {
				BuildIndependentTargetsInParallel = 1;
				LastSwiftUpdateCheck = 1430;
				LastUpgradeCheck = 1430;
				TargetAttributes = {
					FBF4C5372AA8D40000B3757D = {
						CreatedOnToolsVersion = 14.3.1;
					};
				};
			};
			buildConfigurationList = FBF4C5332AA8D40000B3757D /* Build configuration list for PBXProject "CaritasMtyRepartidor" */;
			compatibilityVersion = "Xcode 14.0";
			developmentRegion = en;
			hasScannedForEncodings = 0;
			knownRegions = (
				en,
				Base,
			);
			mainGroup = FBF4C52F2AA8D40000B3757D;
			productRefGroup = FBF4C5392AA8D40000B3757D /* Products */;
			projectDirPath = "";
			projectRoot = "";
			targets = (
				FBF4C5372AA8D40000B3757D /* CaritasMtyRepartidor */,
			);
		};
/* End PBXProject section */

/* Begin PBXResourcesBuildPhase section */
		FBF4C5362AA8D40000B3757D /* Resources */ = {
			isa = PBXResourcesBuildPhase;
			buildActionMask = 2147483647;
			files = (
				FBF4C5432AA8D40100B3757D /* Preview Assets.xcassets in Resources */,
				FBF4C5402AA8D40100B3757D /* Assets.xcassets in Resources */,
			);
			runOnlyForDeploymentPostprocessing = 0;
		};
/* End PBXResourcesBuildPhase section */

/* Begin PBXSourcesBuildPhase section */
		FBF4C5342AA8D40000B3757D /* Sources */ = {
			isa = PBXSourcesBuildPhase;
			buildActionMask = 2147483647;
			files = (
				FBF4C54A2AA8D41D00B3757D /* Login.swift in Sources */,
				FBF4C53C2AA8D40000B3757D /* CaritasMtyRepartidorApp.swift in Sources */,
				FBFD24502AA8E50100C81625 /* ContentView.swift in Sources */,
				FBF4C54E2AA8D45D00B3757D /* User.swift in Sources */,
				FBF4C54C2AA8D44900B3757D /* Data.swift in Sources */,
				FBFD244E2AA8DF6300C81625 /* DetailedView.swift in Sources */,
				FBF4C5502AA8D46F00B3757D /* BotonUni.swift in Sources */,
			);
			runOnlyForDeploymentPostprocessing = 0;
		};
/* End PBXSourcesBuildPhase section */

/* Begin XCBuildConfiguration section */
		FBF4C5442AA8D40100B3757D /* Debug */ = {
			isa = XCBuildConfiguration;
			buildSettings = {
				ALWAYS_SEARCH_USER_PATHS = NO;
				CLANG_ANALYZER_NONNULL = YES;
				CLANG_ANALYZER_NUMBER_OBJECT_CONVERSION = YES_AGGRESSIVE;
				CLANG_CXX_LANGUAGE_STANDARD = "gnu++20";
				CLANG_ENABLE_MODULES = YES;
				CLANG_ENABLE_OBJC_ARC = YES;
				CLANG_ENABLE_OBJC_WEAK = YES;
				CLANG_WARN_BLOCK_CAPTURE_AUTORELEASING = YES;
				CLANG_WARN_BOOL_CONVERSION = YES;
				CLANG_WARN_COMMA = YES;
				CLANG_WARN_CONSTANT_CONVERSION = YES;
				CLANG_WARN_DEPRECATED_OBJC_IMPLEMENTATIONS = YES;
				CLANG_WARN_DIRECT_OBJC_ISA_USAGE = YES_ERROR;
				CLANG_WARN_DOCUMENTATION_COMMENTS = YES;
				CLANG_WARN_EMPTY_BODY = YES;
				CLANG_WARN_ENUM_CONVERSION = YES;
				CLANG_WARN_INFINITE_RECURSION = YES;
				CLANG_WARN_INT_CONVERSION = YES;
				CLANG_WARN_NON_LITERAL_NULL_CONVERSION = YES;
				CLANG_WARN_OBJC_IMPLICIT_RETAIN_SELF = YES;
				CLANG_WARN_OBJC_LITERAL_CONVERSION = YES;
				CLANG_WARN_OBJC_ROOT_CLASS = YES_ERROR;
				CLANG_WARN_QUOTED_INCLUDE_IN_FRAMEWORK_HEADER = YES;
				CLANG_WARN_RANGE_LOOP_ANALYSIS = YES;
				CLANG_WARN_STRICT_PROTOTYPES = YES;
				CLANG_WARN_SUSPICIOUS_MOVE = YES;
				CLANG_WARN_UNGUARDED_AVAILABILITY = YES_AGGRESSIVE;
				CLANG_WARN_UNREACHABLE_CODE = YES;
				CLANG_WARN__DUPLICATE_METHOD_MATCH = YES;
				COPY_PHASE_STRIP = NO;
				DEBUG_INFORMATION_FORMAT = dwarf;
				ENABLE_STRICT_OBJC_MSGSEND = YES;
				ENABLE_TESTABILITY = YES;
				GCC_C_LANGUAGE_STANDARD = gnu11;
				GCC_DYNAMIC_NO_PIC = NO;
				GCC_NO_COMMON_BLOCKS = YES;
				GCC_OPTIMIZATION_LEVEL = 0;
				GCC_PREPROCESSOR_DEFINITIONS = (
					"DEBUG=1",
					"$(inherited)",
				);
				GCC_WARN_64_TO_32_BIT_CONVERSION = YES;
				GCC_WARN_ABOUT_RETURN_TYPE = YES_ERROR;
				GCC_WARN_UNDECLARED_SELECTOR = YES;
				GCC_WARN_UNINITIALIZED_AUTOS = YES_AGGRESSIVE;
				GCC_WARN_UNUSED_FUNCTION = YES;
				GCC_WARN_UNUSED_VARIABLE = YES;
				IPHONEOS_DEPLOYMENT_TARGET = 16.4;
				MTL_ENABLE_DEBUG_INFO = INCLUDE_SOURCE;
				MTL_FAST_MATH = YES;
				ONLY_ACTIVE_ARCH = YES;
				SDKROOT = iphoneos;
				SWIFT_ACTIVE_COMPILATION_CONDITIONS = DEBUG;
				SWIFT_OPTIMIZATION_LEVEL = "-Onone";
			};
			name = Debug;
		};
		FBF4C5452AA8D40100B3757D /* Release */ = {
			isa = XCBuildConfiguration;
			buildSettings = {
				ALWAYS_SEARCH_USER_PATHS = NO;
				CLANG_ANALYZER_NONNULL = YES;
				CLANG_ANALYZER_NUMBER_OBJECT_CONVERSION = YES_AGGRESSIVE;
				CLANG_CXX_LANGUAGE_STANDARD = "gnu++20";
				CLANG_ENABLE_MODULES = YES;
				CLANG_ENABLE_OBJC_ARC = YES;
				CLANG_ENABLE_OBJC_WEAK = YES;
				CLANG_WARN_BLOCK_CAPTURE_AUTORELEASING = YES;
				CLANG_WARN_BOOL_CONVERSION = YES;
				CLANG_WARN_COMMA = YES;
				CLANG_WARN_CONSTANT_CONVERSION = YES;
				CLANG_WARN_DEPRECATED_OBJC_IMPLEMENTATIONS = YES;
				CLANG_WARN_DIRECT_OBJC_ISA_USAGE = YES_ERROR;
				CLANG_WARN_DOCUMENTATION_COMMENTS = YES;
				CLANG_WARN_EMPTY_BODY = YES;
				CLANG_WARN_ENUM_CONVERSION = YES;
				CLANG_WARN_INFINITE_RECURSION = YES;
				CLANG_WARN_INT_CONVERSION = YES;
				CLANG_WARN_NON_LITERAL_NULL_CONVERSION = YES;
				CLANG_WARN_OBJC_IMPLICIT_RETAIN_SELF = YES;
				CLANG_WARN_OBJC_LITERAL_CONVERSION = YES;
				CLANG_WARN_OBJC_ROOT_CLASS = YES_ERROR;
				CLANG_WARN_QUOTED_INCLUDE_IN_FRAMEWORK_HEADER = YES;
				CLANG_WARN_RANGE_LOOP_ANALYSIS = YES;
				CLANG_WARN_STRICT_PROTOTYPES = YES;
				CLANG_WARN_SUSPICIOUS_MOVE = YES;
				CLANG_WARN_UNGUARDED_AVAILABILITY = YES_AGGRESSIVE;
				CLANG_WARN_UNREACHABLE_CODE = YES;
				CLANG_WARN__DUPLICATE_METHOD_MATCH = YES;
				COPY_PHASE_STRIP = NO;
				DEBUG_INFORMATION_FORMAT = "dwarf-with-dsym";
				ENABLE_NS_ASSERTIONS = NO;
				ENABLE_STRICT_OBJC_MSGSEND = YES;
				GCC_C_LANGUAGE_STANDARD = gnu11;
				GCC_NO_COMMON_BLOCKS = YES;
				GCC_WARN_64_TO_32_BIT_CONVERSION = YES;
				GCC_WARN_ABOUT_RETURN_TYPE = YES_ERROR;
				GCC_WARN_UNDECLARED_SELECTOR = YES;
				GCC_WARN_UNINITIALIZED_AUTOS = YES_AGGRESSIVE;
				GCC_WARN_UNUSED_FUNCTION = YES;
				GCC_WARN_UNUSED_VARIABLE = YES;
				IPHONEOS_DEPLOYMENT_TARGET = 16.4;
				MTL_ENABLE_DEBUG_INFO = NO;
				MTL_FAST_MATH = YES;
				SDKROOT = iphoneos;
				SWIFT_COMPILATION_MODE = wholemodule;
				SWIFT_OPTIMIZATION_LEVEL = "-O";
				VALIDATE_PRODUCT = YES;
			};
			name = Release;
		};
		FBF4C5472AA8D40100B3757D /* Debug */ = {
			isa = XCBuildConfiguration;
			buildSettings = {
				ASSETCATALOG_COMPILER_APPICON_NAME = AppIcon;
				ASSETCATALOG_COMPILER_GLOBAL_ACCENT_COLOR_NAME = AccentColor;
				CODE_SIGN_STYLE = Automatic;
				CURRENT_PROJECT_VERSION = 1;
				DEVELOPMENT_ASSET_PATHS = "\"CaritasMtyRepartidor/Preview Content\"";
				DEVELOPMENT_TEAM = 9MQSX62K58;
				ENABLE_PREVIEWS = YES;
				GENERATE_INFOPLIST_FILE = YES;
				INFOPLIST_KEY_UIApplicationSceneManifest_Generation = YES;
				INFOPLIST_KEY_UIApplicationSupportsIndirectInputEvents = YES;
				INFOPLIST_KEY_UILaunchScreen_Generation = YES;
				INFOPLIST_KEY_UISupportedInterfaceOrientations_iPad = "UIInterfaceOrientationPortrait UIInterfaceOrientationPortraitUpsideDown UIInterfaceOrientationLandscapeLeft UIInterfaceOrientationLandscapeRight";
				INFOPLIST_KEY_UISupportedInterfaceOrientations_iPhone = "UIInterfaceOrientationPortrait UIInterfaceOrientationLandscapeLeft UIInterfaceOrientationLandscapeRight";
				LD_RUNPATH_SEARCH_PATHS = (
					"$(inherited)",
					"@executable_path/Frameworks",
				);
				MARKETING_VERSION = 1.0;
				PRODUCT_BUNDLE_IDENTIFIER = tec.mx.CaritasMtyRepartidor;
				PRODUCT_NAME = "$(TARGET_NAME)";
				SWIFT_EMIT_LOC_STRINGS = YES;
				SWIFT_VERSION = 5.0;
				TARGETED_DEVICE_FAMILY = "1,2";
			};
			name = Debug;
		};
		FBF4C5482AA8D40100B3757D /* Release */ = {
			isa = XCBuildConfiguration;
			buildSettings = {
				ASSETCATALOG_COMPILER_APPICON_NAME = AppIcon;
				ASSETCATALOG_COMPILER_GLOBAL_ACCENT_COLOR_NAME = AccentColor;
				CODE_SIGN_STYLE = Automatic;
				CURRENT_PROJECT_VERSION = 1;
				DEVELOPMENT_ASSET_PATHS = "\"CaritasMtyRepartidor/Preview Content\"";
				DEVELOPMENT_TEAM = 9MQSX62K58;
				ENABLE_PREVIEWS = YES;
				GENERATE_INFOPLIST_FILE = YES;
				INFOPLIST_KEY_UIApplicationSceneManifest_Generation = YES;
				INFOPLIST_KEY_UIApplicationSupportsIndirectInputEvents = YES;
				INFOPLIST_KEY_UILaunchScreen_Generation = YES;
				INFOPLIST_KEY_UISupportedInterfaceOrientations_iPad = "UIInterfaceOrientationPortrait UIInterfaceOrientationPortraitUpsideDown UIInterfaceOrientationLandscapeLeft UIInterfaceOrientationLandscapeRight";
				INFOPLIST_KEY_UISupportedInterfaceOrientations_iPhone = "UIInterfaceOrientationPortrait UIInterfaceOrientationLandscapeLeft UIInterfaceOrientationLandscapeRight";
				LD_RUNPATH_SEARCH_PATHS = (
					"$(inherited)",
					"@executable_path/Frameworks",
				);
				MARKETING_VERSION = 1.0;
				PRODUCT_BUNDLE_IDENTIFIER = tec.mx.CaritasMtyRepartidor;
				PRODUCT_NAME = "$(TARGET_NAME)";
				SWIFT_EMIT_LOC_STRINGS = YES;
				SWIFT_VERSION = 5.0;
				TARGETED_DEVICE_FAMILY = "1,2";
			};
			name = Release;
		};
/* End XCBuildConfiguration section */

/* Begin XCConfigurationList section */
		FBF4C5332AA8D40000B3757D /* Build configuration list for PBXProject "CaritasMtyRepartidor" */ = {
			isa = XCConfigurationList;
			buildConfigurations = (
				FBF4C5442AA8D40100B3757D /* Debug */,
				FBF4C5452AA8D40100B3757D /* Release */,
			);
			defaultConfigurationIsVisible = 0;
			defaultConfigurationName = Release;
		};
		FBF4C5462AA8D40100B3757D /* Build configuration list for PBXNativeTarget "CaritasMtyRepartidor" */ = {
			isa = XCConfigurationList;
			buildConfigurations = (
				FBF4C5472AA8D40100B3757D /* Debug */,
				FBF4C5482AA8D40100B3757D /* Release */,
			);
			defaultConfigurationIsVisible = 0;
			defaultConfigurationName = Release;
		};
/* End XCConfigurationList section */
	};
	rootObject = FBF4C5302AA8D40000B3757D /* Project object */;
}
